
Microsoft Visual Studio Solution File, Format Version 12.00
# Visual Studio 2013
VisualStudioVersion = 12.0.31101.0
MinimumVisualStudioVersion = 10.0.40219.1
Project("{FAE04EC0-301F-11D3-BF4B-00C04F79EFBC}") = "FluentDataAnnotations.SimpleInjectorAdapter", "FluentDataAnnotations.SimpleInjectorAdapter\FluentDataAnnotations.SimpleInjectorAdapter.csproj", "{7579FC6E-0A81-4EE0-AC73-60DC7CCB1F36}"
EndProject
Project("{FAE04EC0-301F-11D3-BF4B-00C04F79EFBC}") = "FluentDataAnnotations.Core", "FluentDataAnnotations\FluentDataAnnotations.Core.csproj", "{C4CAE14C-F031-4AE3-A8DA-838BA0B3E8A9}"
EndProject
Project("{FAE04EC0-301F-11D3-BF4B-00C04F79EFBC}") = "FluentDataAnnotations.Mvc", "FluentDataAnnotations.Helpers\FluentDataAnnotations.Mvc.csproj", "{A113512E-8EFE-4734-AA6E-1B92CC63C8E1}"
EndProject
Project("{FAE04EC0-301F-11D3-BF4B-00C04F79EFBC}") = "Test", "Tests\Test.csproj", "{C9AE6A39-E82F-4E49-AFAC-F6AE46B03D37}"
EndProject
Global
	GlobalSection(SolutionConfigurationPlatforms) = preSolution
		Debug|Any CPU = Debug|Any CPU
		Release|Any CPU = Release|Any CPU
	EndGlobalSection
	GlobalSection(ProjectConfigurationPlatforms) = postSolution
		{7579FC6E-0A81-4EE0-AC73-60DC7CCB1F36}.Debug|Any CPU.ActiveCfg = Debug|Any CPU
		{7579FC6E-0A81-4EE0-AC73-60DC7CCB1F36}.Debug|Any CPU.Build.0 = Debug|Any CPU
		{7579FC6E-0A81-4EE0-AC73-60DC7CCB1F36}.Release|Any CPU.ActiveCfg = Release|Any CPU
		{7579FC6E-0A81-4EE0-AC73-60DC7CCB1F36}.Release|Any CPU.Build.0 = Release|Any CPU
		{C4CAE14C-F031-4AE3-A8DA-838BA0B3E8A9}.Debug|Any CPU.ActiveCfg = Debug|Any CPU
		{C4CAE14C-F031-4AE3-A8DA-838BA0B3E8A9}.Debug|Any CPU.Build.0 = Debug|Any CPU
		{C4CAE14C-F031-4AE3-A8DA-838BA0B3E8A9}.Release|Any CPU.ActiveCfg = Release|Any CPU
		{C4CAE14C-F031-4AE3-A8DA-838BA0B3E8A9}.Release|Any CPU.Build.0 = Release|Any CPU
		{A113512E-8EFE-4734-AA6E-1B92CC63C8E1}.Debug|Any CPU.ActiveCfg = Debug|Any CPU
		{A113512E-8EFE-4734-AA6E-1B92CC63C8E1}.Debug|Any CPU.Build.0 = Debug|Any CPU
		{A113512E-8EFE-4734-AA6E-1B92CC63C8E1}.Release|Any CPU.ActiveCfg = Release|Any CPU
		{A113512E-8EFE-4734-AA6E-1B92CC63C8E1}.Release|Any CPU.Build.0 = Release|Any CPU
		{C9AE6A39-E82F-4E49-AFAC-F6AE46B03D37}.Debug|Any CPU.ActiveCfg = Debug|Any CPU
		{C9AE6A39-E82F-4E49-AFAC-F6AE46B03D37}.Debug|Any CPU.Build.0 = Debug|Any CPU
		{C9AE6A39-E82F-4E49-AFAC-F6AE46B03D37}.Release|Any CPU.ActiveCfg = Release|Any CPU
		{C9AE6A39-E82F-4E49-AFAC-F6AE46B03D37}.Release|Any CPU.Build.0 = Release|Any CPU
	EndGlobalSection
	GlobalSection(SolutionProperties) = preSolution
		HideSolutionNode = FALSE
	EndGlobalSection
EndGlobal
